<?xml version="1.0" encoding="utf-8"?>
<Project ToolsVersion="4.0" xmlns="http://schemas.microsoft.com/developer/msbuild/2003">
  <ItemGroup>
    <Filter Include="Source Files">
      <UniqueIdentifier>{4FC737F1-C7A5-4376-A066-2A32D752A2FF}</UniqueIdentifier>
      <Extensions>cpp;c;cc;cxx;def;odl;idl;hpj;bat;asm;asmx</Extensions>
    </Filter>
    <Filter Include="Header Files">
      <UniqueIdentifier>{93995380-89BD-4b04-88EB-625FBE52EBFB}</UniqueIdentifier>
      <Extensions>h;hh;hpp;hxx;hm;inl;inc;xsd</Extensions>
    </Filter>
    <Filter Include="Resource Files">
      <UniqueIdentifier>{67DA6AB6-F800-4c08-8B7A-83BB121AAD01}</UniqueIdentifier>
      <Extensions>rc;ico;cur;bmp;dlg;rc2;rct;bin;rgs;gif;jpg;jpeg;jpe;resx;tiff;tif;png;wav;mfcribbon-ms</Extensions>
    </Filter>
    <Filter Include="Source Files\World">
      <UniqueIdentifier>{8fbb1a36-6e0c-4bb7-a42d-5a71c2d6959d}</UniqueIdentifier>
    </Filter>
  </ItemGroup>
  <ItemGroup>
    <ClCompile Include="main.cpp">
      <Filter>Source Files</Filter>
    </ClCompile>
    <ClCompile Include="World\Objects\CWObject.cpp">
      <Filter>Source Files</Filter>
    </ClCompile>
    <ClCompile Include="Artifacts\Artifact.cpp">
      <Filter>Source Files</Filter>
    </ClCompile>
    <ClCompile Include="Artifacts\ArtifactDefinition.cpp">
      <Filter>Source Files</Filter>
    </ClCompile>
    <ClCompile Include="Artifacts\ArtifactManager.cpp">
      <Filter>Source Files</Filter>
    </ClCompile>
    <ClCompile Include="Artifacts\IArtifactGraphics.cpp">
      <Filter>Source Files</Filter>
    </ClCompile>
    <ClCompile Include="Avatars\Avatar.cpp">
      <Filter>Source Files</Filter>
    </ClCompile>
    <ClCompile Include="Avatars\AvatarDefinition.cpp">
      <Filter>Source Files</Filter>
    </ClCompile>
    <ClCompile Include="Avatars\AvatarInput.cpp">
      <Filter>Source Files</Filter>
    </ClCompile>
    <ClCompile Include="Avatars\AvatarManager.cpp">
      <Filter>Source Files</Filter>
    </ClCompile>
    <ClCompile Include="Avatars\AvatarPartDefinition.cpp">
      <Filter>Source Files</Filter>
    </ClCompile>
    <ClCompile Include="Avatars\Player.cpp">
      <Filter>Source Files</Filter>
    </ClCompile>
    <ClCompile Include="Avatars\Components\AvatarComponentAI.cpp">
      <Filter>Source Files</Filter>
    </ClCompile>
    <ClCompile Include="Avatars\Components\AvatarComponentPhysics.cpp">
      <Filter>Source Files</Filter>
    </ClCompile>
    <ClCompile Include="Configuration\AvailableConfigurations.cpp">
      <Filter>Source Files</Filter>
    </ClCompile>
    <ClCompile Include="Configuration\Config.cpp">
      <Filter>Source Files</Filter>
    </ClCompile>
    <ClCompile Include="Console\CWConsole.cpp">
      <Filter>Source Files</Filter>
    </ClCompile>
    <ClCompile Include="Console\ICWConsoleListener.cpp">
      <Filter>Source Files</Filter>
    </ClCompile>
    <ClCompile Include="Gameplay\BaseGameplay.cpp">
      <Filter>Source Files</Filter>
    </ClCompile>
    <ClCompile Include="Gameplay\BasicEnemiesGameplay.cpp">
      <Filter>Source Files</Filter>
    </ClCompile>
    <ClCompile Include="Gameplay\BasicGameplay.cpp">
      <Filter>Source Files</Filter>
    </ClCompile>
    <ClCompile Include="Gameplay\GameplayDefinition.cpp">
      <Filter>Source Files</Filter>
    </ClCompile>
    <ClCompile Include="Gameplay\GameplayFactory.cpp">
      <Filter>Source Files</Filter>
    </ClCompile>
    <ClCompile Include="Gameplay\MultiplayerClientGameplay.cpp">
      <Filter>Source Files</Filter>
    </ClCompile>
    <ClCompile Include="Gameplay\MultiplayerServerGameplay.cpp">
      <Filter>Source Files</Filter>
    </ClCompile>
    <ClCompile Include="Gameplay\RoguelikeGameplay.cpp">
      <Filter>Source Files</Filter>
    </ClCompile>
    <ClCompile Include="Gameplay\Multiplayer\IMultiplayerClientListener.cpp">
      <Filter>Source Files</Filter>
    </ClCompile>
    <ClCompile Include="Gameplay\Multiplayer\IMultiplayerServerListener.cpp">
      <Filter>Source Files</Filter>
    </ClCompile>
    <ClCompile Include="Gameplay\Multiplayer\MultiplayerAction.cpp">
      <Filter>Source Files</Filter>
    </ClCompile>
    <ClCompile Include="Gameplay\Multiplayer\MultiplayerProtocol.cpp">
      <Filter>Source Files</Filter>
    </ClCompile>
    <ClCompile Include="Gameplay\Multiplayer\MultiplayerServer.cpp">
      <Filter>Source Files</Filter>
    </ClCompile>
    <ClCompile Include="Gameplay\Multiplayer\MultiplayerStatus.cpp">
      <Filter>Source Files</Filter>
    </ClCompile>
    <ClCompile Include="Items\Inventory.cpp">
      <Filter>Source Files</Filter>
    </ClCompile>
    <ClCompile Include="Items\InventoryEntry.cpp">
      <Filter>Source Files</Filter>
    </ClCompile>
    <ClCompile Include="Items\Item.cpp">
      <Filter>Source Files</Filter>
    </ClCompile>
    <ClCompile Include="Items\ItemDefinition.cpp">
      <Filter>Source Files</Filter>
    </ClCompile>
    <ClCompile Include="Items\ItemManager.cpp">
      <Filter>Source Files</Filter>
    </ClCompile>
    <ClCompile Include="Items\ItemTile.cpp">
      <Filter>Source Files</Filter>
    </ClCompile>
    <ClCompile Include="Items\ItemTileDefinition.cpp">
      <Filter>Source Files</Filter>
    </ClCompile>
    <ClCompile Include="Items\Components\ItemComponentAutoDestory.cpp">
      <Filter>Source Files</Filter>
    </ClCompile>
    <ClCompile Include="Items\Components\ItemComponentGoToPlayer.cpp">
      <Filter>Source Files</Filter>
    </ClCompile>
    <ClCompile Include="Items\Components\ItemComponentGravity.cpp">
      <Filter>Source Files</Filter>
    </ClCompile>
    <ClCompile Include="Sectors\ISectorGraphics.cpp">
      <Filter>Source Files</Filter>
    </ClCompile>
    <ClCompile Include="Sectors\Sector.cpp">
      <Filter>Source Files</Filter>
    </ClCompile>
    <ClCompile Include="Sectors\SectorManager.cpp">
      <Filter>Source Files</Filter>
    </ClCompile>
    <ClCompile Include="Serialization\Serializer.cpp">
      <Filter>Source Files</Filter>
    </ClCompile>
    <ClCompile Include="Serialization\RegisterSerializationTypes.cpp">
      <Filter>Source Files</Filter>
    </ClCompile>
    <ClCompile Include="Test\Test.cpp">
      <Filter>Source Files</Filter>
    </ClCompile>
    <ClCompile Include="Test\TestNamespace.cpp">
      <Filter>Source Files</Filter>
    </ClCompile>
    <ClCompile Include="Utils\Color.cpp">
      <Filter>Source Files</Filter>
    </ClCompile>
    <ClCompile Include="Utils\Graphics.cpp">
      <Filter>Source Files</Filter>
    </ClCompile>
    <ClCompile Include="Utils\Manhattan.cpp">
      <Filter>Source Files</Filter>
    </ClCompile>
    <ClCompile Include="Utils\Serialization.cpp">
      <Filter>Source Files</Filter>
    </ClCompile>
    <ClCompile Include="Utils\Vector3.cpp">
      <Filter>Source Files</Filter>
    </ClCompile>
    <ClCompile Include="Tiles\DynamicTile.cpp">
      <Filter>Source Files</Filter>
    </ClCompile>
    <ClCompile Include="Tiles\Tile.cpp">
      <Filter>Source Files</Filter>
    </ClCompile>
    <ClCompile Include="Tiles\TileActionRules.cpp">
      <Filter>Source Files</Filter>
    </ClCompile>
    <ClCompile Include="Tiles\TileDefinition.cpp">
      <Filter>Source Files</Filter>
    </ClCompile>
    <ClCompile Include="Tiles\TileManager.cpp">
      <Filter>Source Files</Filter>
    </ClCompile>
    <ClCompile Include="Tiles\TilePosition.cpp">
      <Filter>Source Files</Filter>
    </ClCompile>
    <ClCompile Include="Tiles\TileUpdateRules.cpp">
      <Filter>Source Files</Filter>
    </ClCompile>
    <ClCompile Include="Tiles\Components\TileComponentGravity.cpp">
      <Filter>Source Files</Filter>
    </ClCompile>
    <ClCompile Include="Tiles\Rules\TileRule.cpp">
      <Filter>Source Files</Filter>
    </ClCompile>
    <ClCompile Include="World\Objects\CWComponent.cpp">
      <Filter>Source Files</Filter>
    </ClCompile>
    <ClCompile Include="World\Objects\CWDefinition.cpp">
      <Filter>Source Files</Filter>
    </ClCompile>
    <ClCompile Include="World\Objects\CWVisualDefinition.cpp">
      <Filter>Source Files</Filter>
    </ClCompile>
    <ClCompile Include="World\World.cpp">
      <Filter>Source Files</Filter>
    </ClCompile>
    <ClCompile Include="World\WorldStatus.cpp">
      <Filter>Source Files</Filter>
    </ClCompile>
  </ItemGroup>
  <ItemGroup>
    <ClInclude Include="World\Objects\CWObject.h">
      <Filter>Header Files</Filter>
    </ClInclude>
    <ClInclude Include="Utils\Vector3.h">
      <Filter>Header Files</Filter>
    </ClInclude>
    <ClInclude Include="World\Objects\CWDefinition.h">
      <Filter>Header Files</Filter>
    </ClInclude>
    <ClInclude Include="World\CubeWorld.h">
      <Filter>Header Files</Filter>
    </ClInclude>
    <ClInclude Include="Serialization\ISerializable.h">
      <Filter>Header Files</Filter>
    </ClInclude>
    <ClInclude Include="Serialization\Serializer.h">
      <Filter>Header Files</Filter>
    </ClInclude>
    <ClInclude Include="Artifacts\Artifact.h">
      <Filter>Header Files</Filter>
    </ClInclude>
    <ClInclude Include="Artifacts\ArtifactDefinition.h">
      <Filter>Header Files</Filter>
    </ClInclude>
    <ClInclude Include="Artifacts\ArtifactManager.h">
      <Filter>Header Files</Filter>
    </ClInclude>
    <ClInclude Include="Artifacts\IArtifactGraphics.h">
      <Filter>Header Files</Filter>
    </ClInclude>
    <ClInclude Include="Avatars\Avatar.h">
      <Filter>Header Files</Filter>
    </ClInclude>
    <ClInclude Include="Avatars\AvatarDefinition.h">
      <Filter>Header Files</Filter>
    </ClInclude>
    <ClInclude Include="Avatars\AvatarInput.h">
      <Filter>Header Files</Filter>
    </ClInclude>
    <ClInclude Include="Avatars\AvatarManager.h">
      <Filter>Header Files</Filter>
    </ClInclude>
    <ClInclude Include="Avatars\AvatarPartDefinition.h">
      <Filter>Header Files</Filter>
    </ClInclude>
    <ClInclude Include="Avatars\Player.h">
      <Filter>Header Files</Filter>
    </ClInclude>
    <ClInclude Include="Avatars\Components\AvatarComponentAI.h">
      <Filter>Header Files</Filter>
    </ClInclude>
    <ClInclude Include="Avatars\Components\AvatarComponentPhysics.h">
      <Filter>Header Files</Filter>
    </ClInclude>
    <ClInclude Include="Configuration\AvailableConfigurations.h">
      <Filter>Header Files</Filter>
    </ClInclude>
    <ClInclude Include="Configuration\Config.h">
      <Filter>Header Files</Filter>
    </ClInclude>
    <ClInclude Include="Console\CWConsole.h">
      <Filter>Header Files</Filter>
    </ClInclude>
    <ClInclude Include="Console\ICWConsoleListener.h">
      <Filter>Header Files</Filter>
    </ClInclude>
    <ClInclude Include="Gameplay\BaseGameplay.h">
      <Filter>Header Files</Filter>
    </ClInclude>
    <ClInclude Include="Gameplay\BasicEnemiesGameplay.h">
      <Filter>Header Files</Filter>
    </ClInclude>
    <ClInclude Include="Gameplay\BasicGameplay.h">
      <Filter>Header Files</Filter>
    </ClInclude>
    <ClInclude Include="Gameplay\GameplayDefinition.h">
      <Filter>Header Files</Filter>
    </ClInclude>
    <ClInclude Include="Gameplay\GameplayFactory.h">
      <Filter>Header Files</Filter>
    </ClInclude>
    <ClInclude Include="Gameplay\MultiplayerClientGameplay.h">
      <Filter>Header Files</Filter>
    </ClInclude>
    <ClInclude Include="Gameplay\MultiplayerServerGameplay.h">
      <Filter>Header Files</Filter>
    </ClInclude>
    <ClInclude Include="Gameplay\RoguelikeGameplay.h">
      <Filter>Header Files</Filter>
    </ClInclude>
    <ClInclude Include="Gameplay\Multiplayer\IMultiplayerClientListener.h">
      <Filter>Header Files</Filter>
    </ClInclude>
    <ClInclude Include="Gameplay\Multiplayer\IMultiplayerServerListener.h">
      <Filter>Header Files</Filter>
    </ClInclude>
    <ClInclude Include="Gameplay\Multiplayer\MultiplayerAction.h">
      <Filter>Header Files</Filter>
    </ClInclude>
    <ClInclude Include="Gameplay\Multiplayer\MultiplayerProtocol.h">
      <Filter>Header Files</Filter>
    </ClInclude>
    <ClInclude Include="Gameplay\Multiplayer\MultiplayerServer.h">
      <Filter>Header Files</Filter>
    </ClInclude>
    <ClInclude Include="Gameplay\Multiplayer\MultiplayerStatus.h">
      <Filter>Header Files</Filter>
    </ClInclude>
    <ClInclude Include="Items\Inventory.h">
      <Filter>Header Files</Filter>
    </ClInclude>
    <ClInclude Include="Items\InventoryEntry.h">
      <Filter>Header Files</Filter>
    </ClInclude>
    <ClInclude Include="Items\Item.h">
      <Filter>Header Files</Filter>
    </ClInclude>
    <ClInclude Include="Items\ItemDefinition.h">
      <Filter>Header Files</Filter>
    </ClInclude>
    <ClInclude Include="Items\ItemManager.h">
      <Filter>Header Files</Filter>
    </ClInclude>
    <ClInclude Include="Items\ItemTile.h">
      <Filter>Header Files</Filter>
    </ClInclude>
    <ClInclude Include="Items\ItemTileDefinition.h">
      <Filter>Header Files</Filter>
    </ClInclude>
    <ClInclude Include="Items\Components\ItemComponentAutoDestory.h">
      <Filter>Header Files</Filter>
    </ClInclude>
    <ClInclude Include="Items\Components\ItemComponentGoToPlayer.h">
      <Filter>Header Files</Filter>
    </ClInclude>
    <ClInclude Include="Items\Components\ItemComponentGravity.h">
      <Filter>Header Files</Filter>
    </ClInclude>
    <ClInclude Include="Sectors\ISectorGraphics.h">
      <Filter>Header Files</Filter>
    </ClInclude>
    <ClInclude Include="Sectors\Sector.h">
      <Filter>Header Files</Filter>
    </ClInclude>
    <ClInclude Include="Sectors\SectorManager.h">
      <Filter>Header Files</Filter>
    </ClInclude>
    <ClInclude Include="Serialization\RegisterSerializationTypes.h">
      <Filter>Header Files</Filter>
    </ClInclude>
    <ClInclude Include="Test\Test.h">
      <Filter>Header Files</Filter>
    </ClInclude>
    <ClInclude Include="Test\TestNamespace.h">
      <Filter>Header Files</Filter>
    </ClInclude>
    <ClInclude Include="Utils\Color.h">
      <Filter>Header Files</Filter>
    </ClInclude>
    <ClInclude Include="Utils\Graphics.h">
      <Filter>Header Files</Filter>
    </ClInclude>
    <ClInclude Include="Utils\Manhattan.h">
      <Filter>Header Files</Filter>
    </ClInclude>
    <ClInclude Include="Utils\Serialization.h">
      <Filter>Header Files</Filter>
    </ClInclude>
    <ClInclude Include="Tiles\DynamicTile.h">
      <Filter>Header Files</Filter>
    </ClInclude>
    <ClInclude Include="Tiles\Tile.h">
      <Filter>Header Files</Filter>
    </ClInclude>
    <ClInclude Include="Tiles\TileActionRules.h">
      <Filter>Header Files</Filter>
    </ClInclude>
    <ClInclude Include="Tiles\TileDefinition.h">
      <Filter>Header Files</Filter>
    </ClInclude>
    <ClInclude Include="Tiles\TileManager.h">
      <Filter>Header Files</Filter>
    </ClInclude>
    <ClInclude Include="Tiles\TilePosition.h">
      <Filter>Header Files</Filter>
    </ClInclude>
    <ClInclude Include="Tiles\TileUpdateRules.h">
      <Filter>Header Files</Filter>
    </ClInclude>
    <ClInclude Include="Tiles\Components\TileComponentGravity.h">
      <Filter>Header Files</Filter>
    </ClInclude>
    <ClInclude Include="Tiles\Rules\TileRule.h">
      <Filter>Header Files</Filter>
    </ClInclude>
    <ClInclude Include="World\Objects\CWComponent.h">
      <Filter>Header Files</Filter>
    </ClInclude>
    <ClInclude Include="World\Objects\CWVisualDefinition.h">
      <Filter>Header Files</Filter>
    </ClInclude>
    <ClInclude Include="World\ICWFxListener.h">
      <Filter>Header Files</Filter>
    </ClInclude>
    <ClInclude Include="World\ICWListener.h">
      <Filter>Header Files</Filter>
    </ClInclude>
    <ClInclude Include="World\World.h">
      <Filter>Header Files</Filter>
    </ClInclude>
    <ClInclude Include="World\WorldStatus.h">
      <Filter>Header Files</Filter>
    </ClInclude>
    <ClInclude Include="main.h">
      <Filter>Header Files</Filter>
    </ClInclude>
  </ItemGroup>
  <ItemGroup>
    <Text Include="Artifacts\CMakeLists.txt" />
    <Text Include="Avatars\CMakeLists.txt" />
    <Text Include="Avatars\Components\CMakeLists.txt" />
    <Text Include="Configuration\CMakeLists.txt" />
    <Text Include="Console\CMakeLists.txt" />
    <Text Include="Gameplay\CMakeLists.txt" />
    <Text Include="Gameplay\Multiplayer\CMakeLists.txt" />
    <Text Include="Items\CMakeLists.txt" />
    <Text Include="Items\Components\CMakeLists.txt" />
    <Text Include="Sectors\CMakeLists.txt" />
    <Text Include="Serialization\CMakeLists.txt" />
    <Text Include="Test\CMakeLists.txt" />
    <Text Include="Utils\CMakeLists.txt" />
    <Text Include="Tiles\CMakeLists.txt" />
    <Text Include="Tiles\Components\CMakeLists.txt" />
    <Text Include="Tiles\Rules\CMakeLists.txt" />
    <Text Include="World\Objects\CMakeLists.txt" />
    <Text Include="World\CMakeLists.txt" />
    <Text Include="CMakeLists.txt" />
  </ItemGroup>
</Project>